{
  "originHash" : "49c9fb03b8a5138d068c3ad86bf35fba991d60fbbbeee9d33ac0ba2960482a46",
  "pins" : [
    {
      "identity" : "mpvkit",
      "kind" : "remoteSourceControl",
      "location" : "https://github.com/mpvkit/MPVKit.git",
      "state" : {
        "revision" : "98c3453e252922e3136422da3fbb2e341ed9edc8",
        "version" : "1.1.0-n9.0.2"
      }
    }
  ],
  "version" : 3
}
