{
  "originHash" : "1d001b5bb63a9d9a6a14029acad526d938a2bd0243552baba46dcd8ce251c785",
  "pins" : [
    {
      "identity" : "mpvkit",
      "kind" : "remoteSourceControl",
      "location" : "https://github.com/mpvkit/MPVKit.git",
      "state" : {
        "revision" : "98c3453e252922e3136422da3fbb2e341ed9edc8",
        "version" : "1.1.0-n9.0.2"
      }
    }
  ],
  "version" : 3
}
